{
    "_readme": [
        "This file locks the dependencies of your project to a known state",
        "Read more about it at https://getcomposer.org/doc/01-basic-usage.md#installing-dependencies",
        "This file is @generated automatically"
    ],
    "content-hash": "4c596029e33716ae101f4b3f06e2eb23",
    "packages": [
        {
            "name": "tihloh/prefab-auth",
            "version": "v0.5.1",
            "source": {
                "type": "git",
                "url": "https://github.com/tihloh/prefab-auth.git",
                "reference": "7e33e7123fef0b338bb69b0ab18f544a181890f9"
            },
            "dist": {
                "type": "zip",
                "url": "https://api.github.com/repos/tihloh/prefab-auth/zipball/7e33e7123fef0b338bb69b0ab18f544a181890f9",
                "reference": "7e33e7123fef0b338bb69b0ab18f544a181890f9",
                "shasum": ""
            },
            "require": {
                "php": ">=8.1",
                "tihloh/prefab-core": "^0.4 || ^0.5"
            },
            "suggest": {
                "tihloh/prefab-logs": "Optional structured activity logging for authentication events.",
                "tihloh/prefab-users": "Optional user provider that Prefab Auth can discover automatically."
            },
            "type": "library",
            "autoload": {
                "psr-4": {
                    "Tihloh\\Prefab\\Auth\\": "src/"
                }
            },
            "notification-url": "https://packagist.org/downloads/",
            "license": [
                "MIT"
            ],
            "authors": [
                {
                    "name": "Christian Bustamante"
                }
            ],
            "description": "Standalone, framework-independent authentication building blocks for Prefab PHP.",
            "homepage": "https://github.com/tihloh/prefab-php",
            "keywords": [
                "Authentication",
                "auth",
                "framework-independent",
                "modular",
                "oauth",
                "php",
                "prefab"
            ],
            "support": {
                "issues": "https://github.com/tihloh/prefab-php/issues",
                "source": "https://github.com/tihloh/prefab-php"
            },
            "time": "2026-08-30T17:28:55+00:00"
        },
        {
            "name": "tihloh/prefab-core",
            "version": "v0.5.1",
            "source": {
                "type": "git",
                "url": "https://github.com/tihloh/prefab-core.git",
                "reference": "2458f7bf161d7fba9bbf8205b9b2ec35f9cfc5d2"
            },
            "dist": {
                "type": "zip",
                "url": "https://api.github.com/repos/tihloh/prefab-core/zipball/2458f7bf161d7fba9bbf8205b9b2ec35f9cfc5d2",
                "reference": "2458f7bf161d7fba9bbf8205b9b2ec35f9cfc5d2",
                "shasum": ""
            },
            "require": {
                "php": ">=8.1"
            },
            "suggest": {
                "ext-pdo": "Required when using Core database infrastructure."
            },
            "bin": [
                "bin/prefab"
            ],
            "type": "library",
            "autoload": {
                "files": [
                    "src/env.php",
                    "src/date.php",
                    "src/value.php",
                    "src/prefab-debug-ui.php",
                    "src/prefab-diagnostics.php",
                    "src/prefab.php",
                    "src/database.php",
                    "src/Console/helpers.php"
                ],
                "psr-4": {
                    "Tihloh\\Prefab\\Core\\": "src/"
                }
            },
            "notification-url": "https://packagist.org/downloads/",
            "license": [
                "MIT"
            ],
            "authors": [
                {
                    "name": "Christian Bustamante"
                }
            ],
            "description": "Shared infrastructure for Prefab PHP modules: runtime, config, database, session, cache, contracts, diagnostics and CLI.",
            "homepage": "https://github.com/tihloh/prefab-php",
            "keywords": [
                "cache",
                "cli",
                "core",
                "database",
                "date",
                "dotenv",
                "framework-independent",
                "modular",
                "php",
                "prefab",
                "runtime",
                "session",
                "time",
                "utilities",
                "value"
            ],
            "support": {
                "issues": "https://github.com/tihloh/prefab-php/issues",
                "source": "https://github.com/tihloh/prefab-php"
            },
            "time": "2026-09-02T15:20:52+00:00"
        },
        {
            "name": "tihloh/prefab-input",
            "version": "v0.5.1",
            "source": {
                "type": "git",
                "url": "https://github.com/tihloh/prefab-input.git",
                "reference": "24ff985216a3ec7f15be678ef7f393b5257301e5"
            },
            "dist": {
                "type": "zip",
                "url": "https://api.github.com/repos/tihloh/prefab-input/zipball/24ff985216a3ec7f15be678ef7f393b5257301e5",
                "reference": "24ff985216a3ec7f15be678ef7f393b5257301e5",
                "shasum": ""
            },
            "require": {
                "ext-fileinfo": "*",
                "php": ">=8.1",
                "tihloh/prefab-core": "^0.4 || ^0.5"
            },
            "suggest": {
                "tihloh/prefab-routes": "Optional routing integration for request input processing."
            },
            "type": "library",
            "autoload": {
                "psr-4": {
                    "Tihloh\\Prefab\\Input\\": "src/"
                }
            },
            "notification-url": "https://packagist.org/downloads/",
            "license": [
                "MIT"
            ],
            "authors": [
                {
                    "name": "Christian Bustamante"
                }
            ],
            "description": "Framework-independent input validation, normalization, casting, wildcard arrays and multipart upload handling for Prefab PHP.",
            "homepage": "https://github.com/tihloh/prefab-php",
            "keywords": [
                "casting",
                "filtering",
                "framework-independent",
                "input",
                "modular",
                "multipart",
                "normalization",
                "php",
                "prefab",
                "sanitization",
                "upload",
                "validation"
            ],
            "support": {
                "issues": "https://github.com/tihloh/prefab-php/issues",
                "source": "https://github.com/tihloh/prefab-php"
            },
            "time": "2026-08-30T17:29:50+00:00"
        },
        {
            "name": "tihloh/prefab-logs",
            "version": "v0.5.1",
            "source": {
                "type": "git",
                "url": "https://github.com/tihloh/prefab-logs.git",
                "reference": "1b1b8cb415603c9904c5fbf4aee0f8754fb20e6e"
            },
            "dist": {
                "type": "zip",
                "url": "https://api.github.com/repos/tihloh/prefab-logs/zipball/1b1b8cb415603c9904c5fbf4aee0f8754fb20e6e",
                "reference": "1b1b8cb415603c9904c5fbf4aee0f8754fb20e6e",
                "shasum": ""
            },
            "require": {
                "php": ">=8.1",
                "tihloh/prefab-core": "^0.4 || ^0.5"
            },
            "suggest": {
                "ext-pdo": "Required only when using Prefab's built-in PDO/database-backed log repository.",
                "tihloh/prefab-auth": "Optional actor provider for automatic current-user attribution.",
                "tihloh/prefab-users": "Optional user name resolution for human-friendly logs."
            },
            "type": "library",
            "autoload": {
                "psr-4": {
                    "Tihloh\\Prefab\\Logs\\": "src/"
                }
            },
            "notification-url": "https://packagist.org/downloads/",
            "license": [
                "MIT"
            ],
            "authors": [
                {
                    "name": "Christian Bustamante"
                }
            ],
            "description": "Standalone, framework-independent structured activity and audit logging for Prefab PHP.",
            "homepage": "https://github.com/tihloh/prefab-php",
            "keywords": [
                "activity-log",
                "audit-log",
                "framework-independent",
                "logging",
                "modular",
                "php",
                "prefab"
            ],
            "support": {
                "issues": "https://github.com/tihloh/prefab-php/issues",
                "source": "https://github.com/tihloh/prefab-php"
            },
            "time": "2026-09-02T15:17:14+00:00"
        },
        {
            "name": "tihloh/prefab-permissions",
            "version": "v0.5.1",
            "source": {
                "type": "git",
                "url": "https://github.com/tihloh/prefab-permissions.git",
                "reference": "e054ce61ceb0c214a73657602246ec3ce1488e52"
            },
            "dist": {
                "type": "zip",
                "url": "https://api.github.com/repos/tihloh/prefab-permissions/zipball/e054ce61ceb0c214a73657602246ec3ce1488e52",
                "reference": "e054ce61ceb0c214a73657602246ec3ce1488e52",
                "shasum": ""
            },
            "require": {
                "php": ">=8.1",
                "tihloh/prefab-core": "^0.4 || ^0.5"
            },
            "suggest": {
                "ext-pdo": "Required only when using Prefab's built-in PDO/database-backed permission store.",
                "tihloh/prefab-logs": "Optional structured activity logging for permission changes.",
                "tihloh/prefab-users": "Optional user integration for permission subjects and group membership."
            },
            "type": "library",
            "autoload": {
                "psr-4": {
                    "Tihloh\\Prefab\\Permissions\\": "src/"
                }
            },
            "notification-url": "https://packagist.org/downloads/",
            "license": [
                "MIT"
            ],
            "authors": [
                {
                    "name": "Christian Bustamante"
                }
            ],
            "description": "Standalone, framework-independent permissions with group inheritance and user overrides for Prefab PHP.",
            "homepage": "https://github.com/tihloh/prefab-php",
            "keywords": [
                "acl",
                "authorization",
                "framework-independent",
                "modular",
                "permissions",
                "php",
                "prefab",
                "rbac"
            ],
            "support": {
                "issues": "https://github.com/tihloh/prefab-php/issues",
                "source": "https://github.com/tihloh/prefab-php"
            },
            "time": "2026-08-30T17:29:18+00:00"
        },
        {
            "name": "tihloh/prefab-routes",
            "version": "v0.5.1",
            "source": {
                "type": "git",
                "url": "https://github.com/tihloh/prefab-routes.git",
                "reference": "e5b97eff9f16232f53bfd430e5432cf4832d8ed4"
            },
            "dist": {
                "type": "zip",
                "url": "https://api.github.com/repos/tihloh/prefab-routes/zipball/e5b97eff9f16232f53bfd430e5432cf4832d8ed4",
                "reference": "e5b97eff9f16232f53bfd430e5432cf4832d8ed4",
                "shasum": ""
            },
            "require": {
                "php": ">=8.1",
                "tihloh/prefab-core": "^0.4 || ^0.5"
            },
            "suggest": {
                "tihloh/prefab-auth": "Optional authentication integration.",
                "tihloh/prefab-logs": "Optional route activity/audit integration.",
                "tihloh/prefab-permissions": "Optional route permission integration."
            },
            "type": "library",
            "autoload": {
                "psr-4": {
                    "Tihloh\\Prefab\\Routes\\": "src/"
                }
            },
            "notification-url": "https://packagist.org/downloads/",
            "license": [
                "MIT"
            ],
            "authors": [
                {
                    "name": "Christian Bustamante"
                }
            ],
            "description": "Lightweight, framework-independent routing for Prefab PHP that scales from small sites to modular applications.",
            "homepage": "https://github.com/tihloh/prefab-php",
            "keywords": [
                "framework-independent",
                "middleware",
                "modular",
                "php",
                "prefab",
                "router",
                "routes",
                "routing"
            ],
            "support": {
                "issues": "https://github.com/tihloh/prefab-php/issues",
                "source": "https://github.com/tihloh/prefab-php"
            },
            "time": "2026-08-30T17:29:42+00:00"
        },
        {
            "name": "tihloh/prefab-users",
            "version": "v0.5.1",
            "source": {
                "type": "git",
                "url": "https://github.com/tihloh/prefab-users.git",
                "reference": "1583f9adfd9944f8e7fcac2aeb13a172b7cb80a2"
            },
            "dist": {
                "type": "zip",
                "url": "https://api.github.com/repos/tihloh/prefab-users/zipball/1583f9adfd9944f8e7fcac2aeb13a172b7cb80a2",
                "reference": "1583f9adfd9944f8e7fcac2aeb13a172b7cb80a2",
                "shasum": ""
            },
            "require": {
                "php": ">=8.1",
                "tihloh/prefab-core": "^0.4 || ^0.5"
            },
            "suggest": {
                "ext-pdo": "Required only when using Prefab's built-in PDO/database-backed user provider.",
                "tihloh/prefab-auth": "Optional authentication module that can automatically use Prefab Users.",
                "tihloh/prefab-logs": "Optional structured activity logging for user operations."
            },
            "type": "library",
            "autoload": {
                "psr-4": {
                    "Tihloh\\Prefab\\Users\\": "src/"
                }
            },
            "notification-url": "https://packagist.org/downloads/",
            "license": [
                "MIT"
            ],
            "authors": [
                {
                    "name": "Christian Bustamante"
                }
            ],
            "description": "Standalone, framework-independent user management and project-table mapping for Prefab PHP.",
            "homepage": "https://github.com/tihloh/prefab-php",
            "keywords": [
                "Users",
                "framework-independent",
                "modular",
                "php",
                "prefab",
                "user-management"
            ],
            "support": {
                "issues": "https://github.com/tihloh/prefab-php/issues",
                "source": "https://github.com/tihloh/prefab-php"
            },
            "time": "2026-08-30T17:29:05+00:00"
        }
    ],
    "packages-dev": [],
    "aliases": [],
    "minimum-stability": "stable",
    "stability-flags": {},
    "prefer-stable": false,
    "prefer-lowest": false,
    "platform": {
        "php": ">=8.3"
    },
    "platform-dev": {},
    "plugin-api-version": "2.6.0"
}
